// !$*UTF8*$!
{
	archiveVersion = 1;
	classes = {
	};
	objectVersion = 48;
	objects = {

/* Begin PBXBuildFile section */
		4BD6CA7C1FB8752200A6F89E /* AppDelegate.swift in Sources */ = {isa = PBXBuildFile; fileRef = 4BD6CA7B1FB8752200A6F89E /* AppDelegate.swift */; };
		4BD6CA7E1FB8752200A6F89E /* ViewController.swift in Sources */ = {isa = PBXBuildFile; fileRef = 4BD6CA7D1FB8752200A6F89E /* ViewController.swift */; };
		4BD6CA811FB8752200A6F89E /* Main.storyboard in Resources */ = {isa = PBXBuildFile; fileRef = 4BD6CA7F1FB8752200A6F89E /* Main.storyboard */; };
		4BD6CA831FB8752200A6F89E /* Assets.xcassets in Resources */ = {isa = PBXBuildFile; fileRef = 4BD6CA821FB8752200A6F89E /* Assets.xcassets */; };
		4BD6CA861FB8752200A6F89E /* LaunchScreen.storyboard in Resources */ = {isa = PBXBuildFile; fileRef = 4BD6CA841FB8752200A6F89E /* LaunchScreen.storyboard */; };
		4BD6CA8E1FB8758000A6F89E /* ShapeView.swift in Sources */ = {isa = PBXBuildFile; fileRef = 4BD6CA8D1FB8757F00A6F89E /* ShapeView.swift */; };
		4BD6CA901FB87AC800A6F89E /* BotShapeView.swift in Sources */ = {isa = PBXBuildFile; fileRef = 4BD6CA8F1FB87AC800A6F89E /* BotShapeView.swift */; };
/* End PBXBuildFile section */

/* Begin PBXFileReference section */
		4BD6CA781FB8752200A6F89E /* olymp.app */ = {isa = PBXFileReference; explicitFileType = wrapper.application; includeInIndex = 0; path = olymp.app; sourceTree = BUILT_PRODUCTS_DIR; };
		4BD6CA7B1FB8752200A6F89E /* AppDelegate.swift */ = {isa = PBXFileReference; lastKnownFileType = sourcecode.swift; path = AppDelegate.swift; sourceTree = "<group>"; };
		4BD6CA7D1FB8752200A6F89E /* ViewController.swift */ = {isa = PBXFileReference; lastKnownFileType = sourcecode.swift; path = ViewController.swift; sourceTree = "<group>"; };
		4BD6CA801FB8752200A6F89E /* Base */ = {isa = PBXFileReference; lastKnownFileType = file.storyboard; name = Base; path = Base.lproj/Main.storyboard; sourceTree = "<group>"; };
		4BD6CA821FB8752200A6F89E /* Assets.xcassets */ = {isa = PBXFileReference; lastKnownFileType = folder.assetcatalog; path = Assets.xcassets; sourceTree = "<group>"; };
		4BD6CA851FB8752200A6F89E /* Base */ = {isa = PBXFileReference; lastKnownFileType = file.storyboard; name = Base; path = Base.lproj/LaunchScreen.storyboard; sourceTree = "<group>"; };
		4BD6CA871FB8752200A6F89E /* Info.plist */ = {isa = PBXFileReference; lastKnownFileType = text.plist.xml; path = Info.plist; sourceTree = "<group>"; };
		4BD6CA8D1FB8757F00A6F89E /* ShapeView.swift */ = {isa = PBXFileReference; lastKnownFileType = sourcecode.swift; path = ShapeView.swift; sourceTree = "<group>"; };
		4BD6CA8F1FB87AC800A6F89E /* BotShapeView.swift */ = {isa = PBXFileReference; lastKnownFileType = sourcecode.swift; path = BotShapeView.swift; sourceTree = "<group>"; };
/* End PBXFileReference section */

/* Begin PBXFrameworksBuildPhase section */
		4BD6CA751FB8752200A6F89E /* Frameworks */ = {
			isa = PBXFrameworksBuildPhase;
			buildActionMask = 2147483647;
			files = (
			);
			runOnlyForDeploymentPostprocessing = 0;
		};
/* End PBXFrameworksBuildPhase section */

/* Begin PBXGroup section */
		4BD6CA6F1FB8752200A6F89E = {
			isa = PBXGroup;
			children = (
				4BD6CA7A1FB8752200A6F89E /* olymp */,
				4BD6CA791FB8752200A6F89E /* Products */,
			);
			sourceTree = "<group>";
		};
		4BD6CA791FB8752200A6F89E /* Products */ = {
			isa = PBXGroup;
			children = (
				4BD6CA781FB8752200A6F89E /* olymp.app */,
			);
			name = Products;
			sourceTree = "<group>";
		};
		4BD6CA7A1FB8752200A6F89E /* olymp */ = {
			isa = PBXGroup;
			children = (
				4BD6CA7B1FB8752200A6F89E /* AppDelegate.swift */,
				4BD6CA7D1FB8752200A6F89E /* ViewController.swift */,
				4BD6CA7F1FB8752200A6F89E /* Main.storyboard */,
				4BD6CA8D1FB8757F00A6F89E /* ShapeView.swift */,
				4BD6CA8F1FB87AC800A6F89E /* BotShapeView.swift */,
				4BD6CA821FB8752200A6F89E /* Assets.xcassets */,
				4BD6CA841FB8752200A6F89E /* LaunchScreen.storyboard */,
				4BD6CA871FB8752200A6F89E /* Info.plist */,
			);
			path = olymp;
			sourceTree = "<group>";
		};
/* End PBXGroup section */

/* Begin PBXNativeTarget section */
		4BD6CA771FB8752200A6F89E /* olymp */ = {
			isa = PBXNativeTarget;
			buildConfigurationList = 4BD6CA8A1FB8752200A6F89E /* Build configuration list for PBXNativeTarget "olymp" */;
			buildPhases = (
				4BD6CA741FB8752200A6F89E /* Sources */,
				4BD6CA751FB8752200A6F89E /* Frameworks */,
				4BD6CA761FB8752200A6F89E /* Resources */,
			);
			buildRules = (
			);
			dependencies = (
			);
			name = olymp;
			productName = olymp;
			productReference = 4BD6CA781FB8752200A6F89E /* olymp.app */;
			productType = "com.apple.product-type.application";
		};
/* End PBXNativeTarget section */

/* Begin PBXProject section */
		4BD6CA701FB8752200A6F89E /* Project object */ = {
			isa = PBXProject;
			attributes = {
				LastSwiftUpdateCheck = 0900;
				LastUpgradeCheck = 0900;
				ORGANIZATIONNAME = "Mikhail Seregin";
				TargetAttributes = {
					4BD6CA771FB8752200A6F89E = {
						CreatedOnToolsVersion = 9.0;
						ProvisioningStyle = Automatic;
					};
				};
			};
			buildConfigurationList = 4BD6CA731FB8752200A6F89E /* Build configuration list for PBXProject "olymp" */;
			compatibilityVersion = "Xcode 8.0";
			developmentRegion = en;
			hasScannedForEncodings = 0;
			knownRegions = (
				en,
				Base,
			);
			mainGroup = 4BD6CA6F1FB8752200A6F89E;
			productRefGroup = 4BD6CA791FB8752200A6F89E /* Products */;
			projectDirPath = "";
			projectRoot = "";
			targets = (
				4BD6CA771FB8752200A6F89E /* olymp */,
			);
		};
/* End PBXProject section */

/* Begin PBXResourcesBuildPhase section */
		4BD6CA761FB8752200A6F89E /* Resources */ = {
			isa = PBXResourcesBuildPhase;
			buildActionMask = 2147483647;
			files = (
				4BD6CA861FB8752200A6F89E /* LaunchScreen.storyboard in Resources */,
				4BD6CA831FB8752200A6F89E /* Assets.xcassets in Resources */,
				4BD6CA811FB8752200A6F89E /* Main.storyboard in Resources */,
			);
			runOnlyForDeploymentPostprocessing = 0;
		};
/* End PBXResourcesBuildPhase section */

/* Begin PBXSourcesBuildPhase section */
		4BD6CA741FB8752200A6F89E /* Sources */ = {
			isa = PBXSourcesBuildPhase;
			buildActionMask = 2147483647;
			files = (
				4BD6CA8E1FB8758000A6F89E /* ShapeView.swift in Sources */,
				4BD6CA7E1FB8752200A6F89E /* ViewController.swift in Sources */,
				4BD6CA901FB87AC800A6F89E /* BotShapeView.swift in Sources */,
				4BD6CA7C1FB8752200A6F89E /* AppDelegate.swift in Sources */,
			);
			runOnlyForDeploymentPostprocessing = 0;
		};
/* End PBXSourcesBuildPhase section */

/* Begin PBXVariantGroup section */
		4BD6CA7F1FB8752200A6F89E /* Main.storyboard */ = {
			isa = PBXVariantGroup;
			children = (
				4BD6CA801FB8752200A6F89E /* Base */,
			);
			name = Main.storyboard;
			sourceTree = "<group>";
		};
		4BD6CA841FB8752200A6F89E /* LaunchScreen.storyboard */ = {
			isa = PBXVariantGroup;
			children = (
				4BD6CA851FB8752200A6F89E /* Base */,
			);
			name = LaunchScreen.storyboard;
			sourceTree = "<group>";
		};
/* End PBXVariantGroup section */

/* Begin XCBuildConfiguration section */
		4BD6CA881FB8752200A6F89E /* Debug */ = {
			isa = XCBuildConfiguration;
			buildSettings = {
				ALWAYS_SEARCH_USER_PATHS = NO;
				CLANG_ANALYZER_NONNULL = YES;
				CLANG_ANALYZER_NUMBER_OBJECT_CONVERSION = YES_AGGRESSIVE;
				CLANG_CXX_LANGUAGE_STANDARD = "gnu++14";
				CLANG_CXX_LIBRARY = "libc++";
				CLANG_ENABLE_MODULES = YES;
				CLANG_ENABLE_OBJC_ARC = YES;
				CLANG_WARN_BLOCK_CAPTURE_AUTORELEASING = YES;
				CLANG_WARN_BOOL_CONVERSION = YES;
				CLANG_WARN_COMMA = YES;
				CLANG_WARN_CONSTANT_CONVERSION = YES;
				CLANG_WARN_DIRECT_OBJC_ISA_USAGE = YES_ERROR;
				CLANG_WARN_DOCUMENTATION_COMMENTS = YES;
				CLANG_WARN_EMPTY_BODY = YES;
				CLANG_WARN_ENUM_CONVERSION = YES;
				CLANG_WARN_INFINITE_RECURSION = YES;
				CLANG_WARN_INT_CONVERSION = YES;
				CLANG_WARN_NON_LITERAL_NULL_CONVERSION = YES;
				CLANG_WARN_OBJC_LITERAL_CONVERSION = YES;
				CLANG_WARN_OBJC_ROOT_CLASS = YES_ERROR;
				CLANG_WARN_RANGE_LOOP_ANALYSIS = YES;
				CLANG_WARN_STRICT_PROTOTYPES = YES;
				CLANG_WARN_SUSPICIOUS_MOVE = YES;
				CLANG_WARN_UNGUARDED_AVAILABILITY = YES_AGGRESSIVE;
				CLANG_WARN_UNREACHABLE_CODE = YES;
				CLANG_WARN__DUPLICATE_METHOD_MATCH = YES;
				CODE_SIGN_IDENTITY = "iPhone Developer";
				COPY_PHASE_STRIP = NO;
				DEBUG_INFORMATION_FORMAT = dwarf;
				ENABLE_STRICT_OBJC_MSGSEND = YES;
				ENABLE_TESTABILITY = YES;
				GCC_C_LANGUAGE_STANDARD = gnu11;
				GCC_DYNAMIC_NO_PIC = NO;
				GCC_NO_COMMON_BLOCKS = YES;
				GCC_OPTIMIZATION_LEVEL = 0;
				GCC_PREPROCESSOR_DEFINITIONS = (
					"DEBUG=1",
					"$(inherited)",
				);
				GCC_WARN_64_TO_32_BIT_CONVERSION = YES;
				GCC_WARN_ABOUT_RETURN_TYPE = YES_ERROR;
				GCC_WARN_UNDECLARED_SELECTOR = YES;
				GCC_WARN_UNINITIALIZED_AUTOS = YES_AGGRESSIVE;
				GCC_WARN_UNUSED_FUNCTION = YES;
				GCC_WARN_UNUSED_VARIABLE = YES;
				IPHONEOS_DEPLOYMENT_TARGET = 11.0;
				MTL_ENABLE_DEBUG_INFO = YES;
				ONLY_ACTIVE_ARCH = YES;
				SDKROOT = iphoneos;
				SWIFT_ACTIVE_COMPILATION_CONDITIONS = DEBUG;
				SWIFT_OPTIMIZATION_LEVEL = "-Onone";
			};
			name = Debug;
		};
		4BD6CA891FB8752200A6F89E /* Release */ = {
			isa = XCBuildConfiguration;
			buildSettings = {
				ALWAYS_SEARCH_USER_PATHS = NO;
				CLANG_ANALYZER_NONNULL = YES;
				CLANG_ANALYZER_NUMBER_OBJECT_CONVERSION = YES_AGGRESSIVE;
				CLANG_CXX_LANGUAGE_STANDARD = "gnu++14";
				CLANG_CXX_LIBRARY = "libc++";
				CLANG_ENABLE_MODULES = YES;
				CLANG_ENABLE_OBJC_ARC = YES;
				CLANG_WARN_BLOCK_CAPTURE_AUTORELEASING = YES;
				CLANG_WARN_BOOL_CONVERSION = YES;
				CLANG_WARN_COMMA = YES;
				CLANG_WARN_CONSTANT_CONVERSION = YES;
				CLANG_WARN_DIRECT_OBJC_ISA_USAGE = YES_ERROR;
				CLANG_WARN_DOCUMENTATION_COMMENTS = YES;
				CLANG_WARN_EMPTY_BODY = YES;
				CLANG_WARN_ENUM_CONVERSION = YES;
				CLANG_WARN_INFINITE_RECURSION = YES;
				CLANG_WARN_INT_CONVERSION = YES;
				CLANG_WARN_NON_LITERAL_NULL_CONVERSION = YES;
				CLANG_WARN_OBJC_LITERAL_CONVERSION = YES;
				CLANG_WARN_OBJC_ROOT_CLASS = YES_ERROR;
				CLANG_WARN_RANGE_LOOP_ANALYSIS = YES;
				CLANG_WARN_STRICT_PROTOTYPES = YES;
				CLANG_WARN_SUSPICIOUS_MOVE = YES;
				CLANG_WARN_UNGUARDED_AVAILABILITY = YES_AGGRESSIVE;
				CLANG_WARN_UNREACHABLE_CODE = YES;
				CLANG_WARN__DUPLICATE_METHOD_MATCH = YES;
				CODE_SIGN_IDENTITY = "iPhone Developer";
				COPY_PHASE_STRIP = NO;
				DEBUG_INFORMATION_FORMAT = "dwarf-with-dsym";
				ENABLE_NS_ASSERTIONS = NO;
				ENABLE_STRICT_OBJC_MSGSEND = YES;
				GCC_C_LANGUAGE_STANDARD = gnu11;
				GCC_NO_COMMON_BLOCKS = YES;
				GCC_WARN_64_TO_32_BIT_CONVERSION = YES;
				GCC_WARN_ABOUT_RETURN_TYPE = YES_ERROR;
				GCC_WARN_UNDECLARED_SELECTOR = YES;
				GCC_WARN_UNINITIALIZED_AUTOS = YES_AGGRESSIVE;
				GCC_WARN_UNUSED_FUNCTION = YES;
				GCC_WARN_UNUSED_VARIABLE = YES;
				IPHONEOS_DEPLOYMENT_TARGET = 11.0;
				MTL_ENABLE_DEBUG_INFO = NO;
				SDKROOT = iphoneos;
				SWIFT_OPTIMIZATION_LEVEL = "-Owholemodule";
				VALIDATE_PRODUCT = YES;
			};
			name = Release;
		};
		4BD6CA8B1FB8752200A6F89E /* Debug */ = {
			isa = XCBuildConfiguration;
			buildSettings = {
				ASSETCATALOG_COMPILER_APPICON_NAME = AppIcon;
				CODE_SIGN_STYLE = Automatic;
				DEVELOPMENT_TEAM = 8FR82B7BH7;
				INFOPLIST_FILE = olymp/Info.plist;
				LD_RUNPATH_SEARCH_PATHS = "$(inherited) @executable_path/Frameworks";
				PRODUCT_BUNDLE_IDENTIFIER = MikhailSeregin.olymp;
				PRODUCT_NAME = "$(TARGET_NAME)";
				SWIFT_VERSION = 4.0;
				TARGETED_DEVICE_FAMILY = "1,2";
			};
			name = Debug;
		};
		4BD6CA8C1FB8752200A6F89E /* Release */ = {
			isa = XCBuildConfiguration;
			buildSettings = {
				ASSETCATALOG_COMPILER_APPICON_NAME = AppIcon;
				CODE_SIGN_STYLE = Automatic;
				DEVELOPMENT_TEAM = 8FR82B7BH7;
				INFOPLIST_FILE = olymp/Info.plist;
				LD_RUNPATH_SEARCH_PATHS = "$(inherited) @executable_path/Frameworks";
				PRODUCT_BUNDLE_IDENTIFIER = MikhailSeregin.olymp;
				PRODUCT_NAME = "$(TARGET_NAME)";
				SWIFT_VERSION = 4.0;
				TARGETED_DEVICE_FAMILY = "1,2";
			};
			name = Release;
		};
/* End XCBuildConfiguration section */

/* Begin XCConfigurationList section */
		4BD6CA731FB8752200A6F89E /* Build configuration list for PBXProject "olymp" */ = {
			isa = XCConfigurationList;
			buildConfigurations = (
				4BD6CA881FB8752200A6F89E /* Debug */,
				4BD6CA891FB8752200A6F89E /* Release */,
			);
			defaultConfigurationIsVisible = 0;
			defaultConfigurationName = Release;
		};
		4BD6CA8A1FB8752200A6F89E /* Build configuration list for PBXNativeTarget "olymp" */ = {
			isa = XCConfigurationList;
			buildConfigurations = (
				4BD6CA8B1FB8752200A6F89E /* Debug */,
				4BD6CA8C1FB8752200A6F89E /* Release */,
			);
			defaultConfigurationIsVisible = 0;
			defaultConfigurationName = Release;
		};
/* End XCConfigurationList section */
	};
	rootObject = 4BD6CA701FB8752200A6F89E /* Project object */;
}
